
Microsoft Visual Studio Solution File, Format Version 12.00
# Visual Studio Version 16
VisualStudioVersion = 16.0.29709.97
MinimumVisualStudioVersion = 10.0.40219.1
Project("{2150E333-8FDC-42A3-9474-1A3956D46DE8}") = "Solution Items", "Solution Items", "{29566B60-311D-42A0-9E8D-C48DECDD587F}"
	ProjectSection(SolutionItems) = preProject
		.editorconfig = .editorconfig
		Analyzers.targets = Analyzers.targets
		README.md = README.md
		SharpGLTF.ruleset = SharpGLTF.ruleset
	EndProjectSection
EndProject
Project("{2150E333-8FDC-42A3-9474-1A3956D46DE8}") = "src", "src", "{072B725F-773F-4751-9616-E9778897C1D2}"
EndProject
Project("{2150E333-8FDC-42A3-9474-1A3956D46DE8}") = "tests", "tests", "{0CBF510D-D836-40BA-95EC-E93FDBB90632}"
EndProject
Project("{9A19103F-16F7-4668-BE54-9A1E7A4F7556}") = "SharpGLTF.CodeGen", "build\SharpGLTF.CodeGen\SharpGLTF.CodeGen.csproj", "{E15F8DCC-987D-4FA8-B7B0-1F0614DC93DD}"
EndProject
Project("{9A19103F-16F7-4668-BE54-9A1E7A4F7556}") = "SharpGLTF.Core", "src\SharpGLTF.Core\SharpGLTF.Core.csproj", "{B1DA4F42-AB6A-4021-9989-674B1394E8A2}"
EndProject
Project("{2150E333-8FDC-42A3-9474-1A3956D46DE8}") = "build", "build", "{D7D51F42-D08C-4DDA-88DA-AF008F10B644}"
EndProject
Project("{9A19103F-16F7-4668-BE54-9A1E7A4F7556}") = "SharpGLTF.Toolkit", "src\SharpGLTF.Toolkit\SharpGLTF.Toolkit.csproj", "{41690879-1F91-4555-A40A-F67B01868D7E}"
EndProject
Project("{9A19103F-16F7-4668-BE54-9A1E7A4F7556}") = "Example1", "examples\Example1\Example1.csproj", "{68662AA0-8523-4B9E-9230-DE79F2B07EAB}"
EndProject
Project("{2150E333-8FDC-42A3-9474-1A3956D46DE8}") = "examples", "examples", "{83E7E49D-8A28-45E8-9DBD-1F3AEDEF3E42}"
EndProject
Project("{9A19103F-16F7-4668-BE54-9A1E7A4F7556}") = "PointCloudGalaxy", "examples\PointCloudGalaxy\PointCloudGalaxy.csproj", "{53B7933A-DD1B-4E75-90EC-94E46101C6CC}"
EndProject
Project("{9A19103F-16F7-4668-BE54-9A1E7A4F7556}") = "InfiniteSkinnedTentacle", "examples\InfiniteSkinnedTentacle\InfiniteSkinnedTentacle.csproj", "{F64C6CC1-BD12-47B8-B6EA-D5609AC738DF}"
EndProject
Project("{9A19103F-16F7-4668-BE54-9A1E7A4F7556}") = "SharpGLTF.Runtime.MonoGame", "examples\SharpGLTF.Runtime.MonoGame\SharpGLTF.Runtime.MonoGame.csproj", "{6C7B3CD8-21D0-447E-9034-8F72057F2ED7}"
EndProject
Project("{9A19103F-16F7-4668-BE54-9A1E7A4F7556}") = "MonoGameScene", "examples\MonoGameScene\MonoGameScene.csproj", "{894781CA-F508-43AE-8526-6AA6B6EDF613}"
EndProject
Project("{9A19103F-16F7-4668-BE54-9A1E7A4F7556}") = "SharpGLTF.DownloadTestFiles", "tests\SharpGLTF.DownloadTestFiles\SharpGLTF.DownloadTestFiles.csproj", "{7CC20DF6-14B5-4C1C-B4FC-151E97AED4F4}"
EndProject
Project("{9A19103F-16F7-4668-BE54-9A1E7A4F7556}") = "SharpGLTF.NUnit", "tests\SharpGLTF.NUnit\SharpGLTF.NUnit.csproj", "{7A5EAF7E-D6A6-4861-9488-F98E4AA00A3A}"
EndProject
Project("{9A19103F-16F7-4668-BE54-9A1E7A4F7556}") = "SharpGLTF.Core.Tests", "tests\SharpGLTF.Tests\SharpGLTF.Core.Tests.csproj", "{56FE769E-6B09-462B-9947-A9B64161CD80}"
EndProject
Project("{9A19103F-16F7-4668-BE54-9A1E7A4F7556}") = "SharpGLTF.Toolkit.Tests", "tests\SharpGLTF.Toolkit.Tests\SharpGLTF.Toolkit.Tests.csproj", "{7FEFC259-51D6-4409-8724-8DE0EA8D5CD9}"
EndProject
Project("{FAE04EC0-301F-11D3-BF4B-00C04F79EFBC}") = "SharpGLTF.Plotly", "examples\SharpGLTF.Plotly\SharpGLTF.Plotly.csproj", "{A63C2A2D-950F-4C76-9299-2B2D325A8653}"
EndProject
Global
	GlobalSection(SolutionConfigurationPlatforms) = preSolution
		Debug|Any CPU = Debug|Any CPU
		Release|Any CPU = Release|Any CPU
	EndGlobalSection
	GlobalSection(ProjectConfigurationPlatforms) = postSolution
		{E15F8DCC-987D-4FA8-B7B0-1F0614DC93DD}.Debug|Any CPU.ActiveCfg = Debug|Any CPU
		{E15F8DCC-987D-4FA8-B7B0-1F0614DC93DD}.Debug|Any CPU.Build.0 = Debug|Any CPU
		{E15F8DCC-987D-4FA8-B7B0-1F0614DC93DD}.Release|Any CPU.ActiveCfg = Release|Any CPU
		{E15F8DCC-987D-4FA8-B7B0-1F0614DC93DD}.Release|Any CPU.Build.0 = Release|Any CPU
		{B1DA4F42-AB6A-4021-9989-674B1394E8A2}.Debug|Any CPU.ActiveCfg = Debug|Any CPU
		{B1DA4F42-AB6A-4021-9989-674B1394E8A2}.Debug|Any CPU.Build.0 = Debug|Any CPU
		{B1DA4F42-AB6A-4021-9989-674B1394E8A2}.Release|Any CPU.ActiveCfg = Release|Any CPU
		{B1DA4F42-AB6A-4021-9989-674B1394E8A2}.Release|Any CPU.Build.0 = Release|Any CPU
		{41690879-1F91-4555-A40A-F67B01868D7E}.Debug|Any CPU.ActiveCfg = Debug|Any CPU
		{41690879-1F91-4555-A40A-F67B01868D7E}.Debug|Any CPU.Build.0 = Debug|Any CPU
		{41690879-1F91-4555-A40A-F67B01868D7E}.Release|Any CPU.ActiveCfg = Release|Any CPU
		{41690879-1F91-4555-A40A-F67B01868D7E}.Release|Any CPU.Build.0 = Release|Any CPU
		{68662AA0-8523-4B9E-9230-DE79F2B07EAB}.Debug|Any CPU.ActiveCfg = Debug|Any CPU
		{68662AA0-8523-4B9E-9230-DE79F2B07EAB}.Debug|Any CPU.Build.0 = Debug|Any CPU
		{68662AA0-8523-4B9E-9230-DE79F2B07EAB}.Release|Any CPU.ActiveCfg = Release|Any CPU
		{68662AA0-8523-4B9E-9230-DE79F2B07EAB}.Release|Any CPU.Build.0 = Release|Any CPU
		{53B7933A-DD1B-4E75-90EC-94E46101C6CC}.Debug|Any CPU.ActiveCfg = Debug|Any CPU
		{53B7933A-DD1B-4E75-90EC-94E46101C6CC}.Debug|Any CPU.Build.0 = Debug|Any CPU
		{53B7933A-DD1B-4E75-90EC-94E46101C6CC}.Release|Any CPU.ActiveCfg = Release|Any CPU
		{53B7933A-DD1B-4E75-90EC-94E46101C6CC}.Release|Any CPU.Build.0 = Release|Any CPU
		{F64C6CC1-BD12-47B8-B6EA-D5609AC738DF}.Debug|Any CPU.ActiveCfg = Debug|Any CPU
		{F64C6CC1-BD12-47B8-B6EA-D5609AC738DF}.Debug|Any CPU.Build.0 = Debug|Any CPU
		{F64C6CC1-BD12-47B8-B6EA-D5609AC738DF}.Release|Any CPU.ActiveCfg = Release|Any CPU
		{F64C6CC1-BD12-47B8-B6EA-D5609AC738DF}.Release|Any CPU.Build.0 = Release|Any CPU
		{6C7B3CD8-21D0-447E-9034-8F72057F2ED7}.Debug|Any CPU.ActiveCfg = Debug|Any CPU
		{6C7B3CD8-21D0-447E-9034-8F72057F2ED7}.Debug|Any CPU.Build.0 = Debug|Any CPU
		{6C7B3CD8-21D0-447E-9034-8F72057F2ED7}.Release|Any CPU.ActiveCfg = Release|Any CPU
		{6C7B3CD8-21D0-447E-9034-8F72057F2ED7}.Release|Any CPU.Build.0 = Release|Any CPU
		{894781CA-F508-43AE-8526-6AA6B6EDF613}.Debug|Any CPU.ActiveCfg = Debug|Any CPU
		{894781CA-F508-43AE-8526-6AA6B6EDF613}.Debug|Any CPU.Build.0 = Debug|Any CPU
		{894781CA-F508-43AE-8526-6AA6B6EDF613}.Release|Any CPU.ActiveCfg = Release|Any CPU
		{894781CA-F508-43AE-8526-6AA6B6EDF613}.Release|Any CPU.Build.0 = Release|Any CPU
		{7CC20DF6-14B5-4C1C-B4FC-151E97AED4F4}.Debug|Any CPU.ActiveCfg = Debug|Any CPU
		{7CC20DF6-14B5-4C1C-B4FC-151E97AED4F4}.Debug|Any CPU.Build.0 = Debug|Any CPU
		{7CC20DF6-14B5-4C1C-B4FC-151E97AED4F4}.Release|Any CPU.ActiveCfg = Release|Any CPU
		{7CC20DF6-14B5-4C1C-B4FC-151E97AED4F4}.Release|Any CPU.Build.0 = Release|Any CPU
		{7A5EAF7E-D6A6-4861-9488-F98E4AA00A3A}.Debug|Any CPU.ActiveCfg = Debug|Any CPU
		{7A5EAF7E-D6A6-4861-9488-F98E4AA00A3A}.Debug|Any CPU.Build.0 = Debug|Any CPU
		{7A5EAF7E-D6A6-4861-9488-F98E4AA00A3A}.Release|Any CPU.ActiveCfg = Release|Any CPU
		{7A5EAF7E-D6A6-4861-9488-F98E4AA00A3A}.Release|Any CPU.Build.0 = Release|Any CPU
		{56FE769E-6B09-462B-9947-A9B64161CD80}.Debug|Any CPU.ActiveCfg = Debug|Any CPU
		{56FE769E-6B09-462B-9947-A9B64161CD80}.Debug|Any CPU.Build.0 = Debug|Any CPU
		{56FE769E-6B09-462B-9947-A9B64161CD80}.Release|Any CPU.ActiveCfg = Release|Any CPU
		{56FE769E-6B09-462B-9947-A9B64161CD80}.Release|Any CPU.Build.0 = Release|Any CPU
		{7FEFC259-51D6-4409-8724-8DE0EA8D5CD9}.Debug|Any CPU.ActiveCfg = Debug|Any CPU
		{7FEFC259-51D6-4409-8724-8DE0EA8D5CD9}.Debug|Any CPU.Build.0 = Debug|Any CPU
		{7FEFC259-51D6-4409-8724-8DE0EA8D5CD9}.Release|Any CPU.ActiveCfg = Release|Any CPU
		{7FEFC259-51D6-4409-8724-8DE0EA8D5CD9}.Release|Any CPU.Build.0 = Release|Any CPU
		{A63C2A2D-950F-4C76-9299-2B2D325A8653}.Debug|Any CPU.ActiveCfg = Debug|Any CPU
		{A63C2A2D-950F-4C76-9299-2B2D325A8653}.Debug|Any CPU.Build.0 = Debug|Any CPU
		{A63C2A2D-950F-4C76-9299-2B2D325A8653}.Release|Any CPU.ActiveCfg = Release|Any CPU
		{A63C2A2D-950F-4C76-9299-2B2D325A8653}.Release|Any CPU.Build.0 = Release|Any CPU
	EndGlobalSection
	GlobalSection(SolutionProperties) = preSolution
		HideSolutionNode = FALSE
	EndGlobalSection
	GlobalSection(NestedProjects) = preSolution
		{E15F8DCC-987D-4FA8-B7B0-1F0614DC93DD} = {D7D51F42-D08C-4DDA-88DA-AF008F10B644}
		{B1DA4F42-AB6A-4021-9989-674B1394E8A2} = {072B725F-773F-4751-9616-E9778897C1D2}
		{41690879-1F91-4555-A40A-F67B01868D7E} = {072B725F-773F-4751-9616-E9778897C1D2}
		{68662AA0-8523-4B9E-9230-DE79F2B07EAB} = {83E7E49D-8A28-45E8-9DBD-1F3AEDEF3E42}
		{53B7933A-DD1B-4E75-90EC-94E46101C6CC} = {83E7E49D-8A28-45E8-9DBD-1F3AEDEF3E42}
		{F64C6CC1-BD12-47B8-B6EA-D5609AC738DF} = {83E7E49D-8A28-45E8-9DBD-1F3AEDEF3E42}
		{6C7B3CD8-21D0-447E-9034-8F72057F2ED7} = {83E7E49D-8A28-45E8-9DBD-1F3AEDEF3E42}
		{894781CA-F508-43AE-8526-6AA6B6EDF613} = {83E7E49D-8A28-45E8-9DBD-1F3AEDEF3E42}
		{7CC20DF6-14B5-4C1C-B4FC-151E97AED4F4} = {0CBF510D-D836-40BA-95EC-E93FDBB90632}
		{7A5EAF7E-D6A6-4861-9488-F98E4AA00A3A} = {0CBF510D-D836-40BA-95EC-E93FDBB90632}
		{56FE769E-6B09-462B-9947-A9B64161CD80} = {0CBF510D-D836-40BA-95EC-E93FDBB90632}
		{7FEFC259-51D6-4409-8724-8DE0EA8D5CD9} = {0CBF510D-D836-40BA-95EC-E93FDBB90632}
		{A63C2A2D-950F-4C76-9299-2B2D325A8653} = {83E7E49D-8A28-45E8-9DBD-1F3AEDEF3E42}
	EndGlobalSection
	GlobalSection(ExtensibilityGlobals) = postSolution
		SolutionGuid = {1D7BBAD9-834C-4981-AC96-0AA5226FC43F}
	EndGlobalSection
EndGlobal
