
Microsoft Visual Studio Solution File, Format Version 12.00
# Visual Studio 15
VisualStudioVersion = 15.0.28307.329
MinimumVisualStudioVersion = 10.0.40219.1
Project("{9A19103F-16F7-4668-BE54-9A1E7A4F7556}") = "glTF2Sharp.CodeGen", "glTF2Sharp.CodeGen\glTF2Sharp.CodeGen.csproj", "{3E095A22-C41E-420D-8B92-2F1AA226680A}"
EndProject
Project("{9A19103F-16F7-4668-BE54-9A1E7A4F7556}") = "glTF2Sharp.DOM", "glTF2Sharp.DOM\glTF2Sharp.DOM.csproj", "{FEC1B7D4-36F7-45C4-8F33-EB210C3127D4}"
EndProject
Project("{FAE04EC0-301F-11D3-BF4B-00C04F79EFBC}") = "glTF2Sharp.Tests", "glTF2Sharp.Tests\glTF2Sharp.Tests.csproj", "{A2F7458A-6646-4BC9-8042-375E25CB2396}"
EndProject
Global
	GlobalSection(SolutionConfigurationPlatforms) = preSolution
		Debug|Any CPU = Debug|Any CPU
		Release|Any CPU = Release|Any CPU
	EndGlobalSection
	GlobalSection(ProjectConfigurationPlatforms) = postSolution
		{3E095A22-C41E-420D-8B92-2F1AA226680A}.Debug|Any CPU.ActiveCfg = Debug|Any CPU
		{3E095A22-C41E-420D-8B92-2F1AA226680A}.Debug|Any CPU.Build.0 = Debug|Any CPU
		{3E095A22-C41E-420D-8B92-2F1AA226680A}.Release|Any CPU.ActiveCfg = Release|Any CPU
		{3E095A22-C41E-420D-8B92-2F1AA226680A}.Release|Any CPU.Build.0 = Release|Any CPU
		{FEC1B7D4-36F7-45C4-8F33-EB210C3127D4}.Debug|Any CPU.ActiveCfg = Debug|Any CPU
		{FEC1B7D4-36F7-45C4-8F33-EB210C3127D4}.Debug|Any CPU.Build.0 = Debug|Any CPU
		{FEC1B7D4-36F7-45C4-8F33-EB210C3127D4}.Release|Any CPU.ActiveCfg = Release|Any CPU
		{FEC1B7D4-36F7-45C4-8F33-EB210C3127D4}.Release|Any CPU.Build.0 = Release|Any CPU
		{A2F7458A-6646-4BC9-8042-375E25CB2396}.Debug|Any CPU.ActiveCfg = Debug|Any CPU
		{A2F7458A-6646-4BC9-8042-375E25CB2396}.Debug|Any CPU.Build.0 = Debug|Any CPU
		{A2F7458A-6646-4BC9-8042-375E25CB2396}.Release|Any CPU.ActiveCfg = Release|Any CPU
		{A2F7458A-6646-4BC9-8042-375E25CB2396}.Release|Any CPU.Build.0 = Release|Any CPU
	EndGlobalSection
	GlobalSection(SolutionProperties) = preSolution
		HideSolutionNode = FALSE
	EndGlobalSection
	GlobalSection(ExtensibilityGlobals) = postSolution
		SolutionGuid = {1D7BBAD9-834C-4981-AC96-0AA5226FC43F}
	EndGlobalSection
EndGlobal
